# This file is automatically @generated by Cargo.
# It is not intended for manual editing.
version = 4

[[package]]
name = "bcm2711-lpa"
version = "0.5.0"
source = "registry+https://github.com/rust-lang/crates.io-index"
checksum = "0e5f2ea829a22134637c25985ff327cc239e4f0edcc3a747d41167cc7ad4067a"
dependencies = [
 "vcell",
]

[[package]]
name = "bcm2835-lpa"
version = "0.5.0"
source = "registry+https://github.com/rust-lang/crates.io-index"
checksum = "8afc05ac492ed7109341e96dd9262c7106d760a202c3d1a7154b9dea5edf3074"
dependencies = [
 "vcell",
]

[[package]]
name = "bcm2837-lpa"
version = "0.5.0"
source = "registry+https://github.com/rust-lang/crates.io-index"
checksum = "27cca297d4c002612ade39048481042fe7831d5f9e3e9c8ba5c77b37c86aa896"
dependencies = [
 "vcell",
]

[[package]]
name = "critical-section"
version = "1.2.0"
source = "registry+https://github.com/rust-lang/crates.io-index"
checksum = "790eea4361631c5e7d22598ecd5723ff611904e3344ce8720784c93e3d83d40b"

[[package]]
name = "embedded-alloc"
version = "0.6.0"
source = "registry+https://github.com/rust-lang/crates.io-index"
checksum = "8f2de9133f68db0d4627ad69db767726c99ff8585272716708227008d3f1bddd"
dependencies = [
 "critical-section",
 "linked_list_allocator",
]

[[package]]
name = "embedded-hal"
version = "1.0.0"
source = "registry+https://github.com/rust-lang/crates.io-index"
checksum = "361a90feb7004eca4019fb28352a9465666b24f840f5c3cddf0ff13920590b89"

[[package]]
name = "embedded-io"
version = "0.7.1"
source = "registry+https://github.com/rust-lang/crates.io-index"
checksum = "9eb1aa714776b75c7e67e1da744b81a129b3ff919c8712b5e1b32252c1f07cc7"

[[package]]
name = "linked_list_allocator"
version = "0.10.6"
source = "registry+https://github.com/rust-lang/crates.io-index"
checksum = "2b23ac50abb8261cb38c6e2a7192d3302e0836dac1628f6a93b82b4fad185897"

[[package]]
name = "proc-macro2"
version = "1.0.107"
source = "registry+https://github.com/rust-lang/crates.io-index"
checksum = "985e7ec9bb745e6ce6535b544d84d6cd6f7ad8bd711c398938ae983b91a766d9"
dependencies = [
 "unicode-ident",
]

[[package]]
name = "quote"
version = "1.0.47"
source = "registry+https://github.com/rust-lang/crates.io-index"
checksum = "1fbf4db142a473a8d80c26bbf18454ed458bf8d26c8219c331daecfdbd079001"
dependencies = [
 "proc-macro2",
]

[[package]]
name = "resident-fat"
version = "0.3.0"
source = "registry+https://github.com/rust-lang/crates.io-index"
checksum = "5778b62737f65c9a68a12406db200854dfda2ffcb5a548f24a03d6c1d0217dc0"
dependencies = [
 "thiserror",
]

[[package]]
name = "rpi-hal"
version = "0.9.0"
source = "registry+https://github.com/rust-lang/crates.io-index"
checksum = "cf79fc28c60a7868108fc3b5c11962a91a65673ba5b416be550afec00b40e70f"
dependencies = [
 "bcm2711-lpa",
 "bcm2835-lpa",
 "bcm2837-lpa",
 "critical-section",
 "embedded-hal",
 "embedded-io",
 "resident-fat",
]

[[package]]
name = "rpi-loader-firmware"
version = "0.5.0"
dependencies = [
 "critical-section",
 "embedded-alloc",
 "embedded-hal",
 "resident-fat",
 "rpi-hal",
]

[[package]]
name = "syn"
version = "3.0.6"
source = "registry+https://github.com/rust-lang/crates.io-index"
checksum = "8593e8e72159ed2257d083c7a454a85cbf854f37a0966d8d483aff8c8a3ebcee"
dependencies = [
 "proc-macro2",
 "quote",
 "unicode-ident",
]

[[package]]
name = "thiserror"
version = "2.0.21"
source = "registry+https://github.com/rust-lang/crates.io-index"
checksum = "09e52cb86a36cede5cb101bf8908837b3e4c6e5e59fe7fd85c23fb56200d189e"
dependencies = [
 "thiserror-impl",
]

[[package]]
name = "thiserror-impl"
version = "2.0.21"
source = "registry+https://github.com/rust-lang/crates.io-index"
checksum = "fe5197923287db20a58125f0bc85c062f7f2c892de97b18c356f9efb14b28524"
dependencies = [
 "proc-macro2",
 "quote",
 "syn",
]

[[package]]
name = "unicode-ident"
version = "1.0.26"
source = "registry+https://github.com/rust-lang/crates.io-index"
checksum = "d245f478577f809a851594d02313b640fb437e0bb33866753cff937863096954"

[[package]]
name = "vcell"
version = "0.1.3"
source = "registry+https://github.com/rust-lang/crates.io-index"
checksum = "77439c1b53d2303b20d9459b1ade71a83c716e3f9c34f3228c00e6f185d6c002"
